
Microsoft Visual Studio Solution File, Format Version 12.00
# Visual Studio 15
VisualStudioVersion = 15.0.28307.271
MinimumVisualStudioVersion = 10.0.40219.1
Project("{FAE04EC0-301F-11D3-BF4B-00C04F79EFBC}") = "GitTest", "GitTest\GitTest.csproj", "{64CB710A-65D6-47FC-9EFF-B15FFDC55950}"
EndProject
Global
	GlobalSection(SolutionConfigurationPlatforms) = preSolution
		Debug|Any CPU = Debug|Any CPU
		Release|Any CPU = Release|Any CPU
	EndGlobalSection
	GlobalSection(ProjectConfigurationPlatforms) = postSolution
		{64CB710A-65D6-47FC-9EFF-B15FFDC55950}.Debug|Any CPU.ActiveCfg = Debug|Any CPU
		{64CB710A-65D6-47FC-9EFF-B15FFDC55950}.Debug|Any CPU.Build.0 = Debug|Any CPU
		{64CB710A-65D6-47FC-9EFF-B15FFDC55950}.Release|Any CPU.ActiveCfg = Release|Any CPU
		{64CB710A-65D6-47FC-9EFF-B15FFDC55950}.Release|Any CPU.Build.0 = Release|Any CPU
	EndGlobalSection
	GlobalSection(SolutionProperties) = preSolution
		HideSolutionNode = FALSE
	EndGlobalSection
	GlobalSection(ExtensibilityGlobals) = postSolution
		SolutionGuid = {3A02222F-3AFB-4EA9-8FF8-48CC6C248749}
	EndGlobalSection
EndGlobal
